{
  "object": {
    "pins": [
      {
        "package": "DoublyLinkedList",
        "repositoryURL": "https://github.com/tctony/DoublyLinkedList.git",
        "state": {
          "branch": null,
          "revision": "32c6f8cb66d027a271769ce9c28d76d57de93674",
          "version": "0.1.0"
        }
      }
    ]
  },
  "version": 1
}
