{
  "object": {
    "pins": [
      {
        "package": "DoublyLinkedList",
        "repositoryURL": "https://github.com/tctony/DoublyLinkedList.git",
        "state": {
          "branch": null,
          "revision": "ea4d02392592be9cd2251e78bc16764c9b8b29e1",
          "version": "0.1.1"
        }
      }
    ]
  },
  "version": 1
}
